
Microsoft Visual Studio Solution File, Format Version 12.00
# Visual Studio Version 16
VisualStudioVersion = 16.0.29519.181
MinimumVisualStudioVersion = 10.0.40219.1
Project("{FAE04EC0-301F-11D3-BF4B-00C04F79EFBC}") = "Tutorial 8-3", "Tutorial 8-3\Tutorial 8-3.csproj", "{A450A085-F09E-4B26-9A48-C5AB0C3AC3DE}"
EndProject
Global
	GlobalSection(SolutionConfigurationPlatforms) = preSolution
		Debug|Any CPU = Debug|Any CPU
		Release|Any CPU = Release|Any CPU
	EndGlobalSection
	GlobalSection(ProjectConfigurationPlatforms) = postSolution
		{A450A085-F09E-4B26-9A48-C5AB0C3AC3DE}.Debug|Any CPU.ActiveCfg = Debug|Any CPU
		{A450A085-F09E-4B26-9A48-C5AB0C3AC3DE}.Debug|Any CPU.Build.0 = Debug|Any CPU
		{A450A085-F09E-4B26-9A48-C5AB0C3AC3DE}.Release|Any CPU.ActiveCfg = Release|Any CPU
		{A450A085-F09E-4B26-9A48-C5AB0C3AC3DE}.Release|Any CPU.Build.0 = Release|Any CPU
	EndGlobalSection
	GlobalSection(SolutionProperties) = preSolution
		HideSolutionNode = FALSE
	EndGlobalSection
	GlobalSection(ExtensibilityGlobals) = postSolution
		SolutionGuid = {0ED5CA98-F5B8-4D35-BA8D-09DC562812C5}
	EndGlobalSection
EndGlobal
